
Microsoft Visual Studio Solution File, Format Version 12.00
# Visual Studio Version 17
VisualStudioVersion = 17.5.002.0
MinimumVisualStudioVersion = 10.0.40219.1
Project("{9A19103F-16F7-4668-BE54-9A1E7A4F7556}") = "CompanyX", "CompanyX\CompanyX.csproj", "{0307C666-B2C2-4A45-BE81-EE677839F067}"
EndProject
Project("{FAE04EC0-301F-11D3-BF4B-00C04F79EFBC}") = "CompanyX.Tests", "CompanyX.Tests\CompanyX.Tests.csproj", "{7D05FC6D-3273-4C1F-ABF4-C16898ACF094}"
EndProject
Global
	GlobalSection(SolutionConfigurationPlatforms) = preSolution
		Debug|Any CPU = Debug|Any CPU
		Release|Any CPU = Release|Any CPU
	EndGlobalSection
	GlobalSection(ProjectConfigurationPlatforms) = postSolution
		{0307C666-B2C2-4A45-BE81-EE677839F067}.Debug|Any CPU.ActiveCfg = Debug|Any CPU
		{0307C666-B2C2-4A45-BE81-EE677839F067}.Debug|Any CPU.Build.0 = Debug|Any CPU
		{0307C666-B2C2-4A45-BE81-EE677839F067}.Release|Any CPU.ActiveCfg = Release|Any CPU
		{0307C666-B2C2-4A45-BE81-EE677839F067}.Release|Any CPU.Build.0 = Release|Any CPU
		{7D05FC6D-3273-4C1F-ABF4-C16898ACF094}.Debug|Any CPU.ActiveCfg = Debug|Any CPU
		{7D05FC6D-3273-4C1F-ABF4-C16898ACF094}.Debug|Any CPU.Build.0 = Debug|Any CPU
		{7D05FC6D-3273-4C1F-ABF4-C16898ACF094}.Release|Any CPU.ActiveCfg = Release|Any CPU
		{7D05FC6D-3273-4C1F-ABF4-C16898ACF094}.Release|Any CPU.Build.0 = Release|Any CPU
	EndGlobalSection
	GlobalSection(SolutionProperties) = preSolution
		HideSolutionNode = FALSE
	EndGlobalSection
	GlobalSection(ExtensibilityGlobals) = postSolution
		SolutionGuid = {968AB7A1-29F5-44BA-9589-CE1C0751CD70}
	EndGlobalSection
EndGlobal
